PODS:
  - PazHelperSwift (0.1.1)

DEPENDENCIES:
  - PazHelperSwift (from `https://pazlabs@bitbucket.org/pazlabs/pazhelperswift.git`, branch `swift3`)

EXTERNAL SOURCES:
  PazHelperSwift:
    :branch: swift3
    :git: https://pazlabs@bitbucket.org/pazlabs/pazhelperswift.git

CHECKOUT OPTIONS:
  PazHelperSwift:
    :commit: 0ea7417d6d5d0b54565bc269c1b409e9f122b559
    :git: https://pazlabs@bitbucket.org/pazlabs/pazhelperswift.git

SPEC CHECKSUMS:
  PazHelperSwift: ec543491ee895dba5b6126d85309c6529983685f

PODFILE CHECKSUM: 795995d7d4883c532d6e67e6ce2852dbb26ac930

COCOAPODS: 1.1.0.rc.2
