// !$*UTF8*$!
{
	archiveVersion = 1;
	classes = {
	};
	objectVersion = 46;
	objects = {

/* Begin PBXBuildFile section */
		6407780E1DAB89E0001CEED5 /* Graph.swift in Sources */ = {isa = PBXBuildFile; fileRef = 640778001DAB89E0001CEED5 /* Graph.swift */; };
		6407780F1DAB89E0001CEED5 /* Graph.swift in Sources */ = {isa = PBXBuildFile; fileRef = 640778001DAB89E0001CEED5 /* Graph.swift */; };
		640778111DAB89E0001CEED5 /* Info-iOS.plist in Resources */ = {isa = PBXBuildFile; fileRef = 640778011DAB89E0001CEED5 /* Info-iOS.plist */; };
		640778121DAB89E0001CEED5 /* Info-OSX.plist in Resources */ = {isa = PBXBuildFile; fileRef = 640778021DAB89E0001CEED5 /* Info-OSX.plist */; };
		640778141DAB89E0001CEED5 /* ModelData.swift in Sources */ = {isa = PBXBuildFile; fileRef = 640778031DAB89E0001CEED5 /* ModelData.swift */; };
		640778151DAB89E0001CEED5 /* ModelData.swift in Sources */ = {isa = PBXBuildFile; fileRef = 640778031DAB89E0001CEED5 /* ModelData.swift */; };
		640778161DAB89E0001CEED5 /* ModelDataSet.swift in Sources */ = {isa = PBXBuildFile; fileRef = 640778041DAB89E0001CEED5 /* ModelDataSet.swift */; };
		640778171DAB89E0001CEED5 /* ModelDataSet.swift in Sources */ = {isa = PBXBuildFile; fileRef = 640778041DAB89E0001CEED5 /* ModelDataSet.swift */; };
		640778181DAB89E0001CEED5 /* Profile.swift in Sources */ = {isa = PBXBuildFile; fileRef = 640778051DAB89E0001CEED5 /* Profile.swift */; };
		640778191DAB89E0001CEED5 /* Profile.swift in Sources */ = {isa = PBXBuildFile; fileRef = 640778051DAB89E0001CEED5 /* Profile.swift */; };
		6407781A1DAB89E0001CEED5 /* Session.swift in Sources */ = {isa = PBXBuildFile; fileRef = 640778061DAB89E0001CEED5 /* Session.swift */; };
		6407781B1DAB89E0001CEED5 /* Session.swift in Sources */ = {isa = PBXBuildFile; fileRef = 640778061DAB89E0001CEED5 /* Session.swift */; };
		6407781C1DAB89E0001CEED5 /* Spot.swift in Sources */ = {isa = PBXBuildFile; fileRef = 640778071DAB89E0001CEED5 /* Spot.swift */; };
		6407781D1DAB89E0001CEED5 /* Spot.swift in Sources */ = {isa = PBXBuildFile; fileRef = 640778071DAB89E0001CEED5 /* Spot.swift */; };
		6407781E1DAB89E0001CEED5 /* SpotSet.swift in Sources */ = {isa = PBXBuildFile; fileRef = 640778081DAB89E0001CEED5 /* SpotSet.swift */; };
		6407781F1DAB89E0001CEED5 /* SpotSet.swift in Sources */ = {isa = PBXBuildFile; fileRef = 640778081DAB89E0001CEED5 /* SpotSet.swift */; };
		640778201DAB89E0001CEED5 /* SpotStats.swift in Sources */ = {isa = PBXBuildFile; fileRef = 640778091DAB89E0001CEED5 /* SpotStats.swift */; };
		640778211DAB89E0001CEED5 /* SpotStats.swift in Sources */ = {isa = PBXBuildFile; fileRef = 640778091DAB89E0001CEED5 /* SpotStats.swift */; };
		640778221DAB89E0001CEED5 /* Status.swift in Sources */ = {isa = PBXBuildFile; fileRef = 6407780A1DAB89E0001CEED5 /* Status.swift */; };
		640778231DAB89E0001CEED5 /* Status.swift in Sources */ = {isa = PBXBuildFile; fileRef = 6407780A1DAB89E0001CEED5 /* Status.swift */; };
		640778241DAB89E0001CEED5 /* User.swift in Sources */ = {isa = PBXBuildFile; fileRef = 6407780B1DAB89E0001CEED5 /* User.swift */; };
		640778251DAB89E0001CEED5 /* User.swift in Sources */ = {isa = PBXBuildFile; fileRef = 6407780B1DAB89E0001CEED5 /* User.swift */; };
		640778261DAB89E0001CEED5 /* WeatherFlowApiSwift.swift in Sources */ = {isa = PBXBuildFile; fileRef = 6407780C1DAB89E0001CEED5 /* WeatherFlowApiSwift.swift */; };
		640778271DAB89E0001CEED5 /* WeatherFlowApiSwift.swift in Sources */ = {isa = PBXBuildFile; fileRef = 6407780C1DAB89E0001CEED5 /* WeatherFlowApiSwift.swift */; };
		640778281DAB89E0001CEED5 /* WeatherFlowWindArrow.swift in Sources */ = {isa = PBXBuildFile; fileRef = 6407780D1DAB89E0001CEED5 /* WeatherFlowWindArrow.swift */; };
		640778291DAB89E0001CEED5 /* WeatherFlowWindArrow.swift in Sources */ = {isa = PBXBuildFile; fileRef = 6407780D1DAB89E0001CEED5 /* WeatherFlowWindArrow.swift */; };
		6412D0261DA7857F00E861F5 /* WeatherFlowApiSwift.framework in Frameworks */ = {isa = PBXBuildFile; fileRef = 6412D01D1DA7857E00E861F5 /* WeatherFlowApiSwift.framework */; };
		6412D02B1DA7857F00E861F5 /* WeatherFlowApiSwift_OSXTests.swift in Sources */ = {isa = PBXBuildFile; fileRef = 6412D02A1DA7857F00E861F5 /* WeatherFlowApiSwift_OSXTests.swift */; };
		6420019C1E9288B1009AF86C /* Spot+MKAnnotation.swift in Sources */ = {isa = PBXBuildFile; fileRef = 6420019B1E9288B1009AF86C /* Spot+MKAnnotation.swift */; };
		647C0C091C2FF0F0002C5A42 /* WeatherFlowApiSwift.framework in Frameworks */ = {isa = PBXBuildFile; fileRef = 647C0BFF1C2FF0F0002C5A42 /* WeatherFlowApiSwift.framework */; };
		647C0C0E1C2FF0F0002C5A42 /* WeatherFlowApiSwiftTests.swift in Sources */ = {isa = PBXBuildFile; fileRef = 647C0C0D1C2FF0F0002C5A42 /* WeatherFlowApiSwiftTests.swift */; };
		64F5927C1F0E1F64008F8F3F /* WeatherFlowApiSwift.framework in Frameworks */ = {isa = PBXBuildFile; fileRef = 647C0BFF1C2FF0F0002C5A42 /* WeatherFlowApiSwift.framework */; };
/* End PBXBuildFile section */

/* Begin PBXContainerItemProxy section */
		6412D0271DA7857F00E861F5 /* PBXContainerItemProxy */ = {
			isa = PBXContainerItemProxy;
			containerPortal = 647C0B861C2D47A5002C5A42 /* Project object */;
			proxyType = 1;
			remoteGlobalIDString = 6412D01C1DA7857E00E861F5;
			remoteInfo = "WeatherFlowApiSwift-OSX";
		};
		647C0C0A1C2FF0F0002C5A42 /* PBXContainerItemProxy */ = {
			isa = PBXContainerItemProxy;
			containerPortal = 647C0B861C2D47A5002C5A42 /* Project object */;
			proxyType = 1;
			remoteGlobalIDString = 647C0BFE1C2FF0F0002C5A42;
			remoteInfo = WeatherFlowApiSwift;
		};
/* End PBXContainerItemProxy section */

/* Begin PBXFileReference section */
		640777D11DAB6EFF001CEED5 /* Package.swift */ = {isa = PBXFileReference; lastKnownFileType = sourcecode.swift; path = Package.swift; sourceTree = "<group>"; };
		640778001DAB89E0001CEED5 /* Graph.swift */ = {isa = PBXFileReference; fileEncoding = 4; lastKnownFileType = sourcecode.swift; name = Graph.swift; path = Sources/Graph.swift; sourceTree = SOURCE_ROOT; };
		640778011DAB89E0001CEED5 /* Info-iOS.plist */ = {isa = PBXFileReference; fileEncoding = 4; lastKnownFileType = text.plist.xml; name = "Info-iOS.plist"; path = "Sources/Info-iOS.plist"; sourceTree = SOURCE_ROOT; };
		640778021DAB89E0001CEED5 /* Info-OSX.plist */ = {isa = PBXFileReference; fileEncoding = 4; lastKnownFileType = text.plist.xml; name = "Info-OSX.plist"; path = "Sources/Info-OSX.plist"; sourceTree = SOURCE_ROOT; };
		640778031DAB89E0001CEED5 /* ModelData.swift */ = {isa = PBXFileReference; fileEncoding = 4; lastKnownFileType = sourcecode.swift; name = ModelData.swift; path = Sources/ModelData.swift; sourceTree = SOURCE_ROOT; };
		640778041DAB89E0001CEED5 /* ModelDataSet.swift */ = {isa = PBXFileReference; fileEncoding = 4; lastKnownFileType = sourcecode.swift; name = ModelDataSet.swift; path = Sources/ModelDataSet.swift; sourceTree = SOURCE_ROOT; };
		640778051DAB89E0001CEED5 /* Profile.swift */ = {isa = PBXFileReference; fileEncoding = 4; lastKnownFileType = sourcecode.swift; name = Profile.swift; path = Sources/Profile.swift; sourceTree = SOURCE_ROOT; };
		640778061DAB89E0001CEED5 /* Session.swift */ = {isa = PBXFileReference; fileEncoding = 4; lastKnownFileType = sourcecode.swift; name = Session.swift; path = Sources/Session.swift; sourceTree = SOURCE_ROOT; };
		640778071DAB89E0001CEED5 /* Spot.swift */ = {isa = PBXFileReference; fileEncoding = 4; lastKnownFileType = sourcecode.swift; name = Spot.swift; path = Sources/Spot.swift; sourceTree = SOURCE_ROOT; };
		640778081DAB89E0001CEED5 /* SpotSet.swift */ = {isa = PBXFileReference; fileEncoding = 4; lastKnownFileType = sourcecode.swift; name = SpotSet.swift; path = Sources/SpotSet.swift; sourceTree = SOURCE_ROOT; };
		640778091DAB89E0001CEED5 /* SpotStats.swift */ = {isa = PBXFileReference; fileEncoding = 4; lastKnownFileType = sourcecode.swift; name = SpotStats.swift; path = Sources/SpotStats.swift; sourceTree = SOURCE_ROOT; };
		6407780A1DAB89E0001CEED5 /* Status.swift */ = {isa = PBXFileReference; fileEncoding = 4; lastKnownFileType = sourcecode.swift; name = Status.swift; path = Sources/Status.swift; sourceTree = SOURCE_ROOT; };
		6407780B1DAB89E0001CEED5 /* User.swift */ = {isa = PBXFileReference; fileEncoding = 4; lastKnownFileType = sourcecode.swift; name = User.swift; path = Sources/User.swift; sourceTree = SOURCE_ROOT; };
		6407780C1DAB89E0001CEED5 /* WeatherFlowApiSwift.swift */ = {isa = PBXFileReference; fileEncoding = 4; lastKnownFileType = sourcecode.swift; name = WeatherFlowApiSwift.swift; path = Sources/WeatherFlowApiSwift.swift; sourceTree = SOURCE_ROOT; };
		6407780D1DAB89E0001CEED5 /* WeatherFlowWindArrow.swift */ = {isa = PBXFileReference; fileEncoding = 4; lastKnownFileType = sourcecode.swift; name = WeatherFlowWindArrow.swift; path = Sources/WeatherFlowWindArrow.swift; sourceTree = SOURCE_ROOT; };
		6412D01D1DA7857E00E861F5 /* WeatherFlowApiSwift.framework */ = {isa = PBXFileReference; explicitFileType = wrapper.framework; includeInIndex = 0; path = WeatherFlowApiSwift.framework; sourceTree = BUILT_PRODUCTS_DIR; };
		6412D0251DA7857E00E861F5 /* WeatherFlowApiSwift-OSXTests.xctest */ = {isa = PBXFileReference; explicitFileType = wrapper.cfbundle; includeInIndex = 0; path = "WeatherFlowApiSwift-OSXTests.xctest"; sourceTree = BUILT_PRODUCTS_DIR; };
		6412D02A1DA7857F00E861F5 /* WeatherFlowApiSwift_OSXTests.swift */ = {isa = PBXFileReference; lastKnownFileType = sourcecode.swift; path = WeatherFlowApiSwift_OSXTests.swift; sourceTree = "<group>"; };
		6412D02C1DA7857F00E861F5 /* Info.plist */ = {isa = PBXFileReference; lastKnownFileType = text.plist.xml; path = Info.plist; sourceTree = "<group>"; };
		6420019B1E9288B1009AF86C /* Spot+MKAnnotation.swift */ = {isa = PBXFileReference; fileEncoding = 4; lastKnownFileType = sourcecode.swift; name = "Spot+MKAnnotation.swift"; path = "Sources/Spot+MKAnnotation.swift"; sourceTree = SOURCE_ROOT; };
		647C0BBB1C2D6656002C5A42 /* WeatherFlowApiSwift.podspec */ = {isa = PBXFileReference; lastKnownFileType = text; path = WeatherFlowApiSwift.podspec; sourceTree = "<group>"; };
		647C0BFF1C2FF0F0002C5A42 /* WeatherFlowApiSwift.framework */ = {isa = PBXFileReference; explicitFileType = wrapper.framework; includeInIndex = 0; path = WeatherFlowApiSwift.framework; sourceTree = BUILT_PRODUCTS_DIR; };
		647C0C081C2FF0F0002C5A42 /* WeatherFlowApiSwiftTests.xctest */ = {isa = PBXFileReference; explicitFileType = wrapper.cfbundle; includeInIndex = 0; path = WeatherFlowApiSwiftTests.xctest; sourceTree = BUILT_PRODUCTS_DIR; };
		647C0C0D1C2FF0F0002C5A42 /* WeatherFlowApiSwiftTests.swift */ = {isa = PBXFileReference; lastKnownFileType = sourcecode.swift; path = WeatherFlowApiSwiftTests.swift; sourceTree = "<group>"; };
		647C0C0F1C2FF0F0002C5A42 /* Info-iOS-Tests.plist */ = {isa = PBXFileReference; lastKnownFileType = text.plist.xml; path = "Info-iOS-Tests.plist"; sourceTree = "<group>"; };
/* End PBXFileReference section */

/* Begin PBXFrameworksBuildPhase section */
		6412D0191DA7857E00E861F5 /* Frameworks */ = {
			isa = PBXFrameworksBuildPhase;
			buildActionMask = 2147483647;
			files = (
			);
			runOnlyForDeploymentPostprocessing = 0;
		};
		6412D0221DA7857E00E861F5 /* Frameworks */ = {
			isa = PBXFrameworksBuildPhase;
			buildActionMask = 2147483647;
			files = (
				64F5927C1F0E1F64008F8F3F /* WeatherFlowApiSwift.framework in Frameworks */,
				6412D0261DA7857F00E861F5 /* WeatherFlowApiSwift.framework in Frameworks */,
			);
			runOnlyForDeploymentPostprocessing = 0;
		};
		647C0BFB1C2FF0F0002C5A42 /* Frameworks */ = {
			isa = PBXFrameworksBuildPhase;
			buildActionMask = 2147483647;
			files = (
			);
			runOnlyForDeploymentPostprocessing = 0;
		};
		647C0C051C2FF0F0002C5A42 /* Frameworks */ = {
			isa = PBXFrameworksBuildPhase;
			buildActionMask = 2147483647;
			files = (
				647C0C091C2FF0F0002C5A42 /* WeatherFlowApiSwift.framework in Frameworks */,
			);
			runOnlyForDeploymentPostprocessing = 0;
		};
/* End PBXFrameworksBuildPhase section */

/* Begin PBXGroup section */
		6412D0291DA7857F00E861F5 /* WeatherFlowApiSwift-OSXTests */ = {
			isa = PBXGroup;
			children = (
				6412D02A1DA7857F00E861F5 /* WeatherFlowApiSwift_OSXTests.swift */,
				6412D02C1DA7857F00E861F5 /* Info.plist */,
			);
			path = "WeatherFlowApiSwift-OSXTests";
			sourceTree = "<group>";
		};
		647C0B851C2D47A5002C5A42 = {
			isa = PBXGroup;
			children = (
				647C0BBB1C2D6656002C5A42 /* WeatherFlowApiSwift.podspec */,
				640777D11DAB6EFF001CEED5 /* Package.swift */,
				647C0B901C2D47A5002C5A42 /* Sources */,
				647C0C0C1C2FF0F0002C5A42 /* WeatherFlowApiSwiftTests */,
				6412D0291DA7857F00E861F5 /* WeatherFlowApiSwift-OSXTests */,
				647C0B8F1C2D47A5002C5A42 /* Products */,
				F3B7F763FBF79A99892F738B /* Frameworks */,
			);
			sourceTree = "<group>";
		};
		647C0B8F1C2D47A5002C5A42 /* Products */ = {
			isa = PBXGroup;
			children = (
				647C0BFF1C2FF0F0002C5A42 /* WeatherFlowApiSwift.framework */,
				647C0C081C2FF0F0002C5A42 /* WeatherFlowApiSwiftTests.xctest */,
				6412D01D1DA7857E00E861F5 /* WeatherFlowApiSwift.framework */,
				6412D0251DA7857E00E861F5 /* WeatherFlowApiSwift-OSXTests.xctest */,
			);
			name = Products;
			sourceTree = "<group>";
		};
		647C0B901C2D47A5002C5A42 /* Sources */ = {
			isa = PBXGroup;
			children = (
				640778001DAB89E0001CEED5 /* Graph.swift */,
				640778011DAB89E0001CEED5 /* Info-iOS.plist */,
				640778021DAB89E0001CEED5 /* Info-OSX.plist */,
				640778031DAB89E0001CEED5 /* ModelData.swift */,
				640778041DAB89E0001CEED5 /* ModelDataSet.swift */,
				640778051DAB89E0001CEED5 /* Profile.swift */,
				640778061DAB89E0001CEED5 /* Session.swift */,
				640778071DAB89E0001CEED5 /* Spot.swift */,
				6420019B1E9288B1009AF86C /* Spot+MKAnnotation.swift */,
				640778081DAB89E0001CEED5 /* SpotSet.swift */,
				640778091DAB89E0001CEED5 /* SpotStats.swift */,
				6407780A1DAB89E0001CEED5 /* Status.swift */,
				6407780B1DAB89E0001CEED5 /* User.swift */,
				6407780C1DAB89E0001CEED5 /* WeatherFlowApiSwift.swift */,
				6407780D1DAB89E0001CEED5 /* WeatherFlowWindArrow.swift */,
			);
			name = Sources;
			path = WeatherFlowApiSwift;
			sourceTree = "<group>";
		};
		647C0C0C1C2FF0F0002C5A42 /* WeatherFlowApiSwiftTests */ = {
			isa = PBXGroup;
			children = (
				647C0C0D1C2FF0F0002C5A42 /* WeatherFlowApiSwiftTests.swift */,
				647C0C0F1C2FF0F0002C5A42 /* Info-iOS-Tests.plist */,
			);
			path = WeatherFlowApiSwiftTests;
			sourceTree = "<group>";
		};
		F3B7F763FBF79A99892F738B /* Frameworks */ = {
			isa = PBXGroup;
			children = (
			);
			name = Frameworks;
			sourceTree = "<group>";
		};
/* End PBXGroup section */

/* Begin PBXHeadersBuildPhase section */
		6412D01A1DA7857E00E861F5 /* Headers */ = {
			isa = PBXHeadersBuildPhase;
			buildActionMask = 2147483647;
			files = (
			);
			runOnlyForDeploymentPostprocessing = 0;
		};
		647C0BFC1C2FF0F0002C5A42 /* Headers */ = {
			isa = PBXHeadersBuildPhase;
			buildActionMask = 2147483647;
			files = (
			);
			runOnlyForDeploymentPostprocessing = 0;
		};
/* End PBXHeadersBuildPhase section */

/* Begin PBXNativeTarget section */
		6412D01C1DA7857E00E861F5 /* WeatherFlowApiSwift-OSX */ = {
			isa = PBXNativeTarget;
			buildConfigurationList = 6412D02E1DA7857F00E861F5 /* Build configuration list for PBXNativeTarget "WeatherFlowApiSwift-OSX" */;
			buildPhases = (
				6412D0181DA7857E00E861F5 /* Sources */,
				6412D0191DA7857E00E861F5 /* Frameworks */,
				6412D01A1DA7857E00E861F5 /* Headers */,
				6412D01B1DA7857E00E861F5 /* Resources */,
			);
			buildRules = (
			);
			dependencies = (
			);
			name = "WeatherFlowApiSwift-OSX";
			productName = "WeatherFlowApiSwift-OSX";
			productReference = 6412D01D1DA7857E00E861F5 /* WeatherFlowApiSwift.framework */;
			productType = "com.apple.product-type.framework";
		};
		6412D0241DA7857E00E861F5 /* WeatherFlowApiSwift-OSXTests */ = {
			isa = PBXNativeTarget;
			buildConfigurationList = 6412D0311DA7857F00E861F5 /* Build configuration list for PBXNativeTarget "WeatherFlowApiSwift-OSXTests" */;
			buildPhases = (
				6412D0211DA7857E00E861F5 /* Sources */,
				6412D0221DA7857E00E861F5 /* Frameworks */,
				6412D0231DA7857E00E861F5 /* Resources */,
			);
			buildRules = (
			);
			dependencies = (
				6412D0281DA7857F00E861F5 /* PBXTargetDependency */,
			);
			name = "WeatherFlowApiSwift-OSXTests";
			productName = "WeatherFlowApiSwift-OSXTests";
			productReference = 6412D0251DA7857E00E861F5 /* WeatherFlowApiSwift-OSXTests.xctest */;
			productType = "com.apple.product-type.bundle.unit-test";
		};
		647C0BFE1C2FF0F0002C5A42 /* WeatherFlowApiSwift-iOS */ = {
			isa = PBXNativeTarget;
			buildConfigurationList = 647C0C101C2FF0F0002C5A42 /* Build configuration list for PBXNativeTarget "WeatherFlowApiSwift-iOS" */;
			buildPhases = (
				647C0BFA1C2FF0F0002C5A42 /* Sources */,
				647C0BFB1C2FF0F0002C5A42 /* Frameworks */,
				647C0BFC1C2FF0F0002C5A42 /* Headers */,
				647C0BFD1C2FF0F0002C5A42 /* Resources */,
			);
			buildRules = (
			);
			dependencies = (
			);
			name = "WeatherFlowApiSwift-iOS";
			productName = WeatherFlowApiSwift;
			productReference = 647C0BFF1C2FF0F0002C5A42 /* WeatherFlowApiSwift.framework */;
			productType = "com.apple.product-type.framework";
		};
		647C0C071C2FF0F0002C5A42 /* WeatherFlowApiSwiftTests */ = {
			isa = PBXNativeTarget;
			buildConfigurationList = 647C0C131C2FF0F0002C5A42 /* Build configuration list for PBXNativeTarget "WeatherFlowApiSwiftTests" */;
			buildPhases = (
				3053DA39FEB6A89F7C808319 /* [CP] Check Pods Manifest.lock */,
				647C0C041C2FF0F0002C5A42 /* Sources */,
				647C0C051C2FF0F0002C5A42 /* Frameworks */,
				647C0C061C2FF0F0002C5A42 /* Resources */,
				804B969A54517F54178F6C10 /* [CP] Embed Pods Frameworks */,
				8C1074A568EC1618CD5A125A /* [CP] Copy Pods Resources */,
			);
			buildRules = (
			);
			dependencies = (
				647C0C0B1C2FF0F0002C5A42 /* PBXTargetDependency */,
			);
			name = WeatherFlowApiSwiftTests;
			productName = WeatherFlowApiSwiftTests;
			productReference = 647C0C081C2FF0F0002C5A42 /* WeatherFlowApiSwiftTests.xctest */;
			productType = "com.apple.product-type.bundle.unit-test";
		};
/* End PBXNativeTarget section */

/* Begin PBXProject section */
		647C0B861C2D47A5002C5A42 /* Project object */ = {
			isa = PBXProject;
			attributes = {
				LastSwiftUpdateCheck = 0800;
				LastUpgradeCheck = 0920;
				ORGANIZATIONNAME = "Pantelis Zirinis";
				TargetAttributes = {
					6412D01C1DA7857E00E861F5 = {
						CreatedOnToolsVersion = 8.0;
						LastSwiftMigration = 0800;
						ProvisioningStyle = Automatic;
					};
					6412D0241DA7857E00E861F5 = {
						CreatedOnToolsVersion = 8.0;
						ProvisioningStyle = Automatic;
					};
					647C0BFE1C2FF0F0002C5A42 = {
						CreatedOnToolsVersion = 7.2;
						LastSwiftMigration = 0920;
					};
					647C0C071C2FF0F0002C5A42 = {
						CreatedOnToolsVersion = 7.2;
						DevelopmentTeam = XZ582BS8LF;
					};
				};
			};
			buildConfigurationList = 647C0B891C2D47A5002C5A42 /* Build configuration list for PBXProject "WeatherFlowApiSwift" */;
			compatibilityVersion = "Xcode 3.2";
			developmentRegion = English;
			hasScannedForEncodings = 0;
			knownRegions = (
				en,
			);
			mainGroup = 647C0B851C2D47A5002C5A42;
			productRefGroup = 647C0B8F1C2D47A5002C5A42 /* Products */;
			projectDirPath = "";
			projectRoot = "";
			targets = (
				647C0BFE1C2FF0F0002C5A42 /* WeatherFlowApiSwift-iOS */,
				647C0C071C2FF0F0002C5A42 /* WeatherFlowApiSwiftTests */,
				6412D01C1DA7857E00E861F5 /* WeatherFlowApiSwift-OSX */,
				6412D0241DA7857E00E861F5 /* WeatherFlowApiSwift-OSXTests */,
			);
		};
/* End PBXProject section */

/* Begin PBXResourcesBuildPhase section */
		6412D01B1DA7857E00E861F5 /* Resources */ = {
			isa = PBXResourcesBuildPhase;
			buildActionMask = 2147483647;
			files = (
				640778111DAB89E0001CEED5 /* Info-iOS.plist in Resources */,
			);
			runOnlyForDeploymentPostprocessing = 0;
		};
		6412D0231DA7857E00E861F5 /* Resources */ = {
			isa = PBXResourcesBuildPhase;
			buildActionMask = 2147483647;
			files = (
			);
			runOnlyForDeploymentPostprocessing = 0;
		};
		647C0BFD1C2FF0F0002C5A42 /* Resources */ = {
			isa = PBXResourcesBuildPhase;
			buildActionMask = 2147483647;
			files = (
				640778121DAB89E0001CEED5 /* Info-OSX.plist in Resources */,
			);
			runOnlyForDeploymentPostprocessing = 0;
		};
		647C0C061C2FF0F0002C5A42 /* Resources */ = {
			isa = PBXResourcesBuildPhase;
			buildActionMask = 2147483647;
			files = (
			);
			runOnlyForDeploymentPostprocessing = 0;
		};
/* End PBXResourcesBuildPhase section */

/* Begin PBXShellScriptBuildPhase section */
		3053DA39FEB6A89F7C808319 /* [CP] Check Pods Manifest.lock */ = {
			isa = PBXShellScriptBuildPhase;
			buildActionMask = 2147483647;
			files = (
			);
			inputPaths = (
			);
			name = "[CP] Check Pods Manifest.lock";
			outputPaths = (
			);
			runOnlyForDeploymentPostprocessing = 0;
			shellPath = /bin/sh;
			shellScript = "diff \"${PODS_ROOT}/../Podfile.lock\" \"${PODS_ROOT}/Manifest.lock\" > /dev/null\nif [ $? != 0 ] ; then\n    # print error to STDERR\n    echo \"error: The sandbox is not in sync with the Podfile.lock. Run 'pod install' or update your CocoaPods installation.\" >&2\n    exit 1\nfi\n";
			showEnvVarsInLog = 0;
		};
		804B969A54517F54178F6C10 /* [CP] Embed Pods Frameworks */ = {
			isa = PBXShellScriptBuildPhase;
			buildActionMask = 2147483647;
			files = (
			);
			inputPaths = (
			);
			name = "[CP] Embed Pods Frameworks";
			outputPaths = (
			);
			runOnlyForDeploymentPostprocessing = 0;
			shellPath = /bin/sh;
			shellScript = "\"${SRCROOT}/Pods/Target Support Files/Pods-WeatherFlowApiSwiftTests/Pods-WeatherFlowApiSwiftTests-frameworks.sh\"\n";
			showEnvVarsInLog = 0;
		};
		8C1074A568EC1618CD5A125A /* [CP] Copy Pods Resources */ = {
			isa = PBXShellScriptBuildPhase;
			buildActionMask = 2147483647;
			files = (
			);
			inputPaths = (
			);
			name = "[CP] Copy Pods Resources";
			outputPaths = (
			);
			runOnlyForDeploymentPostprocessing = 0;
			shellPath = /bin/sh;
			shellScript = "\"${SRCROOT}/Pods/Target Support Files/Pods-WeatherFlowApiSwiftTests/Pods-WeatherFlowApiSwiftTests-resources.sh\"\n";
			showEnvVarsInLog = 0;
		};
/* End PBXShellScriptBuildPhase section */

/* Begin PBXSourcesBuildPhase section */
		6412D0181DA7857E00E861F5 /* Sources */ = {
			isa = PBXSourcesBuildPhase;
			buildActionMask = 2147483647;
			files = (
				6407781B1DAB89E0001CEED5 /* Session.swift in Sources */,
				6407781D1DAB89E0001CEED5 /* Spot.swift in Sources */,
				6407780F1DAB89E0001CEED5 /* Graph.swift in Sources */,
				640778191DAB89E0001CEED5 /* Profile.swift in Sources */,
				6407781F1DAB89E0001CEED5 /* SpotSet.swift in Sources */,
				640778231DAB89E0001CEED5 /* Status.swift in Sources */,
				640778271DAB89E0001CEED5 /* WeatherFlowApiSwift.swift in Sources */,
				640778151DAB89E0001CEED5 /* ModelData.swift in Sources */,
				640778171DAB89E0001CEED5 /* ModelDataSet.swift in Sources */,
				640778251DAB89E0001CEED5 /* User.swift in Sources */,
				640778291DAB89E0001CEED5 /* WeatherFlowWindArrow.swift in Sources */,
				640778211DAB89E0001CEED5 /* SpotStats.swift in Sources */,
			);
			runOnlyForDeploymentPostprocessing = 0;
		};
		6412D0211DA7857E00E861F5 /* Sources */ = {
			isa = PBXSourcesBuildPhase;
			buildActionMask = 2147483647;
			files = (
				6412D02B1DA7857F00E861F5 /* WeatherFlowApiSwift_OSXTests.swift in Sources */,
			);
			runOnlyForDeploymentPostprocessing = 0;
		};
		647C0BFA1C2FF0F0002C5A42 /* Sources */ = {
			isa = PBXSourcesBuildPhase;
			buildActionMask = 2147483647;
			files = (
				6407781A1DAB89E0001CEED5 /* Session.swift in Sources */,
				6407781C1DAB89E0001CEED5 /* Spot.swift in Sources */,
				6407780E1DAB89E0001CEED5 /* Graph.swift in Sources */,
				640778181DAB89E0001CEED5 /* Profile.swift in Sources */,
				6407781E1DAB89E0001CEED5 /* SpotSet.swift in Sources */,
				640778221DAB89E0001CEED5 /* Status.swift in Sources */,
				640778261DAB89E0001CEED5 /* WeatherFlowApiSwift.swift in Sources */,
				640778141DAB89E0001CEED5 /* ModelData.swift in Sources */,
				640778161DAB89E0001CEED5 /* ModelDataSet.swift in Sources */,
				640778241DAB89E0001CEED5 /* User.swift in Sources */,
				6420019C1E9288B1009AF86C /* Spot+MKAnnotation.swift in Sources */,
				640778281DAB89E0001CEED5 /* WeatherFlowWindArrow.swift in Sources */,
				640778201DAB89E0001CEED5 /* SpotStats.swift in Sources */,
			);
			runOnlyForDeploymentPostprocessing = 0;
		};
		647C0C041C2FF0F0002C5A42 /* Sources */ = {
			isa = PBXSourcesBuildPhase;
			buildActionMask = 2147483647;
			files = (
				647C0C0E1C2FF0F0002C5A42 /* WeatherFlowApiSwiftTests.swift in Sources */,
			);
			runOnlyForDeploymentPostprocessing = 0;
		};
/* End PBXSourcesBuildPhase section */

/* Begin PBXTargetDependency section */
		6412D0281DA7857F00E861F5 /* PBXTargetDependency */ = {
			isa = PBXTargetDependency;
			target = 6412D01C1DA7857E00E861F5 /* WeatherFlowApiSwift-OSX */;
			targetProxy = 6412D0271DA7857F00E861F5 /* PBXContainerItemProxy */;
		};
		647C0C0B1C2FF0F0002C5A42 /* PBXTargetDependency */ = {
			isa = PBXTargetDependency;
			target = 647C0BFE1C2FF0F0002C5A42 /* WeatherFlowApiSwift-iOS */;
			targetProxy = 647C0C0A1C2FF0F0002C5A42 /* PBXContainerItemProxy */;
		};
/* End PBXTargetDependency section */

/* Begin XCBuildConfiguration section */
		6412D02F1DA7857F00E861F5 /* Debug */ = {
			isa = XCBuildConfiguration;
			buildSettings = {
				CLANG_ANALYZER_NONNULL = YES;
				CLANG_ENABLE_MODULES = YES;
				CLANG_WARN_DOCUMENTATION_COMMENTS = YES;
				CLANG_WARN_SUSPICIOUS_MOVES = YES;
				CODE_SIGN_IDENTITY = "-";
				COMBINE_HIDPI_IMAGES = YES;
				CURRENT_PROJECT_VERSION = 1;
				DEFINES_MODULE = YES;
				DYLIB_COMPATIBILITY_VERSION = 1;
				DYLIB_CURRENT_VERSION = 1;
				DYLIB_INSTALL_NAME_BASE = "@rpath";
				FRAMEWORK_VERSION = A;
				INFOPLIST_FILE = "Sources/Info-OSX.plist";
				INSTALL_PATH = "$(LOCAL_LIBRARY_DIR)/Frameworks";
				LD_RUNPATH_SEARCH_PATHS = "$(inherited) @executable_path/../Frameworks @loader_path/Frameworks";
				MACOSX_DEPLOYMENT_TARGET = 10.12;
				PRODUCT_BUNDLE_IDENTIFIER = "com.paz-labs.WeatherFlowApiSwift-OSX";
				PRODUCT_NAME = WeatherFlowApiSwift;
				SDKROOT = macosx;
				SKIP_INSTALL = YES;
				SWIFT_ACTIVE_COMPILATION_CONDITIONS = DEBUG;
				SWIFT_OPTIMIZATION_LEVEL = "-Onone";
				SWIFT_VERSION = 3.0;
				VERSIONING_SYSTEM = "apple-generic";
				VERSION_INFO_PREFIX = "";
			};
			name = Debug;
		};
		6412D0301DA7857F00E861F5 /* Release */ = {
			isa = XCBuildConfiguration;
			buildSettings = {
				CLANG_ANALYZER_NONNULL = YES;
				CLANG_ENABLE_MODULES = YES;
				CLANG_WARN_DOCUMENTATION_COMMENTS = YES;
				CLANG_WARN_SUSPICIOUS_MOVES = YES;
				CODE_SIGN_IDENTITY = "-";
				COMBINE_HIDPI_IMAGES = YES;
				CURRENT_PROJECT_VERSION = 1;
				DEFINES_MODULE = YES;
				DYLIB_COMPATIBILITY_VERSION = 1;
				DYLIB_CURRENT_VERSION = 1;
				DYLIB_INSTALL_NAME_BASE = "@rpath";
				FRAMEWORK_VERSION = A;
				INFOPLIST_FILE = "Sources/Info-OSX.plist";
				INSTALL_PATH = "$(LOCAL_LIBRARY_DIR)/Frameworks";
				LD_RUNPATH_SEARCH_PATHS = "$(inherited) @executable_path/../Frameworks @loader_path/Frameworks";
				MACOSX_DEPLOYMENT_TARGET = 10.12;
				PRODUCT_BUNDLE_IDENTIFIER = "com.paz-labs.WeatherFlowApiSwift-OSX";
				PRODUCT_NAME = WeatherFlowApiSwift;
				SDKROOT = macosx;
				SKIP_INSTALL = YES;
				SWIFT_VERSION = 3.0;
				VERSIONING_SYSTEM = "apple-generic";
				VERSION_INFO_PREFIX = "";
			};
			name = Release;
		};
		6412D0321DA7857F00E861F5 /* Debug */ = {
			isa = XCBuildConfiguration;
			buildSettings = {
				ALWAYS_EMBED_SWIFT_STANDARD_LIBRARIES = YES;
				CLANG_ANALYZER_NONNULL = YES;
				CLANG_WARN_DOCUMENTATION_COMMENTS = YES;
				CLANG_WARN_SUSPICIOUS_MOVES = YES;
				CODE_SIGN_IDENTITY = "-";
				COMBINE_HIDPI_IMAGES = YES;
				INFOPLIST_FILE = "WeatherFlowApiSwift-OSXTests/Info.plist";
				LD_RUNPATH_SEARCH_PATHS = "$(inherited) @executable_path/../Frameworks @loader_path/../Frameworks";
				MACOSX_DEPLOYMENT_TARGET = 10.12;
				PRODUCT_BUNDLE_IDENTIFIER = "com.paz-labs.WeatherFlowApiSwift-OSXTests";
				PRODUCT_NAME = "$(TARGET_NAME)";
				SDKROOT = macosx;
				SWIFT_ACTIVE_COMPILATION_CONDITIONS = DEBUG;
				SWIFT_OPTIMIZATION_LEVEL = "-Onone";
				SWIFT_VERSION = 3.0;
			};
			name = Debug;
		};
		6412D0331DA7857F00E861F5 /* Release */ = {
			isa = XCBuildConfiguration;
			buildSettings = {
				ALWAYS_EMBED_SWIFT_STANDARD_LIBRARIES = YES;
				CLANG_ANALYZER_NONNULL = YES;
				CLANG_WARN_DOCUMENTATION_COMMENTS = YES;
				CLANG_WARN_SUSPICIOUS_MOVES = YES;
				CODE_SIGN_IDENTITY = "-";
				COMBINE_HIDPI_IMAGES = YES;
				INFOPLIST_FILE = "WeatherFlowApiSwift-OSXTests/Info.plist";
				LD_RUNPATH_SEARCH_PATHS = "$(inherited) @executable_path/../Frameworks @loader_path/../Frameworks";
				MACOSX_DEPLOYMENT_TARGET = 10.12;
				PRODUCT_BUNDLE_IDENTIFIER = "com.paz-labs.WeatherFlowApiSwift-OSXTests";
				PRODUCT_NAME = "$(TARGET_NAME)";
				SDKROOT = macosx;
				SWIFT_VERSION = 3.0;
			};
			name = Release;
		};
		647C0B951C2D47A5002C5A42 /* Debug */ = {
			isa = XCBuildConfiguration;
			buildSettings = {
				ALWAYS_SEARCH_USER_PATHS = NO;
				CLANG_CXX_LANGUAGE_STANDARD = "gnu++0x";
				CLANG_CXX_LIBRARY = "libc++";
				CLANG_ENABLE_MODULES = YES;
				CLANG_ENABLE_OBJC_ARC = YES;
				CLANG_WARN_BLOCK_CAPTURE_AUTORELEASING = YES;
				CLANG_WARN_BOOL_CONVERSION = YES;
				CLANG_WARN_COMMA = YES;
				CLANG_WARN_CONSTANT_CONVERSION = YES;
				CLANG_WARN_DIRECT_OBJC_ISA_USAGE = YES_ERROR;
				CLANG_WARN_EMPTY_BODY = YES;
				CLANG_WARN_ENUM_CONVERSION = YES;
				CLANG_WARN_INFINITE_RECURSION = YES;
				CLANG_WARN_INT_CONVERSION = YES;
				CLANG_WARN_NON_LITERAL_NULL_CONVERSION = YES;
				CLANG_WARN_OBJC_LITERAL_CONVERSION = YES;
				CLANG_WARN_OBJC_ROOT_CLASS = YES_ERROR;
				CLANG_WARN_RANGE_LOOP_ANALYSIS = YES;
				CLANG_WARN_STRICT_PROTOTYPES = YES;
				CLANG_WARN_SUSPICIOUS_MOVE = YES;
				CLANG_WARN_UNREACHABLE_CODE = YES;
				CLANG_WARN__DUPLICATE_METHOD_MATCH = YES;
				"CODE_SIGN_IDENTITY[sdk=iphoneos*]" = "iPhone Developer";
				COPY_PHASE_STRIP = NO;
				DEBUG_INFORMATION_FORMAT = dwarf;
				ENABLE_STRICT_OBJC_MSGSEND = YES;
				ENABLE_TESTABILITY = YES;
				GCC_C_LANGUAGE_STANDARD = gnu99;
				GCC_DYNAMIC_NO_PIC = NO;
				GCC_NO_COMMON_BLOCKS = YES;
				GCC_OPTIMIZATION_LEVEL = 0;
				GCC_PREPROCESSOR_DEFINITIONS = (
					"DEBUG=1",
					"$(inherited)",
				);
				GCC_WARN_64_TO_32_BIT_CONVERSION = YES;
				GCC_WARN_ABOUT_RETURN_TYPE = YES_ERROR;
				GCC_WARN_UNDECLARED_SELECTOR = YES;
				GCC_WARN_UNINITIALIZED_AUTOS = YES_AGGRESSIVE;
				GCC_WARN_UNUSED_FUNCTION = YES;
				GCC_WARN_UNUSED_VARIABLE = YES;
				IPHONEOS_DEPLOYMENT_TARGET = 9.2;
				MTL_ENABLE_DEBUG_INFO = YES;
				ONLY_ACTIVE_ARCH = YES;
				SDKROOT = iphoneos;
				SWIFT_VERSION = 3.0;
			};
			name = Debug;
		};
		647C0B961C2D47A5002C5A42 /* Release */ = {
			isa = XCBuildConfiguration;
			buildSettings = {
				ALWAYS_SEARCH_USER_PATHS = NO;
				CLANG_CXX_LANGUAGE_STANDARD = "gnu++0x";
				CLANG_CXX_LIBRARY = "libc++";
				CLANG_ENABLE_MODULES = YES;
				CLANG_ENABLE_OBJC_ARC = YES;
				CLANG_WARN_BLOCK_CAPTURE_AUTORELEASING = YES;
				CLANG_WARN_BOOL_CONVERSION = YES;
				CLANG_WARN_COMMA = YES;
				CLANG_WARN_CONSTANT_CONVERSION = YES;
				CLANG_WARN_DIRECT_OBJC_ISA_USAGE = YES_ERROR;
				CLANG_WARN_EMPTY_BODY = YES;
				CLANG_WARN_ENUM_CONVERSION = YES;
				CLANG_WARN_INFINITE_RECURSION = YES;
				CLANG_WARN_INT_CONVERSION = YES;
				CLANG_WARN_NON_LITERAL_NULL_CONVERSION = YES;
				CLANG_WARN_OBJC_LITERAL_CONVERSION = YES;
				CLANG_WARN_OBJC_ROOT_CLASS = YES_ERROR;
				CLANG_WARN_RANGE_LOOP_ANALYSIS = YES;
				CLANG_WARN_STRICT_PROTOTYPES = YES;
				CLANG_WARN_SUSPICIOUS_MOVE = YES;
				CLANG_WARN_UNREACHABLE_CODE = YES;
				CLANG_WARN__DUPLICATE_METHOD_MATCH = YES;
				"CODE_SIGN_IDENTITY[sdk=iphoneos*]" = "iPhone Developer";
				COPY_PHASE_STRIP = NO;
				DEBUG_INFORMATION_FORMAT = "dwarf-with-dsym";
				ENABLE_NS_ASSERTIONS = NO;
				ENABLE_STRICT_OBJC_MSGSEND = YES;
				GCC_C_LANGUAGE_STANDARD = gnu99;
				GCC_NO_COMMON_BLOCKS = YES;
				GCC_WARN_64_TO_32_BIT_CONVERSION = YES;
				GCC_WARN_ABOUT_RETURN_TYPE = YES_ERROR;
				GCC_WARN_UNDECLARED_SELECTOR = YES;
				GCC_WARN_UNINITIALIZED_AUTOS = YES_AGGRESSIVE;
				GCC_WARN_UNUSED_FUNCTION = YES;
				GCC_WARN_UNUSED_VARIABLE = YES;
				IPHONEOS_DEPLOYMENT_TARGET = 9.2;
				MTL_ENABLE_DEBUG_INFO = NO;
				SDKROOT = iphoneos;
				SWIFT_OPTIMIZATION_LEVEL = "-Owholemodule";
				SWIFT_VERSION = 3.0;
				VALIDATE_PRODUCT = YES;
			};
			name = Release;
		};
		647C0C111C2FF0F0002C5A42 /* Debug */ = {
			isa = XCBuildConfiguration;
			buildSettings = {
				CLANG_ENABLE_MODULES = YES;
				"CODE_SIGN_IDENTITY[sdk=iphoneos*]" = "";
				CURRENT_PROJECT_VERSION = 1;
				DEFINES_MODULE = YES;
				DYLIB_COMPATIBILITY_VERSION = 1;
				DYLIB_CURRENT_VERSION = 1;
				DYLIB_INSTALL_NAME_BASE = "@rpath";
				INFOPLIST_FILE = "Sources/Info-iOS.plist";
				INSTALL_PATH = "$(LOCAL_LIBRARY_DIR)/Frameworks";
				IPHONEOS_DEPLOYMENT_TARGET = 8.0;
				LD_RUNPATH_SEARCH_PATHS = "$(inherited) @executable_path/Frameworks @loader_path/Frameworks";
				PRODUCT_BUNDLE_IDENTIFIER = "com.paz-labs.WeatherFlowApiSwift";
				PRODUCT_NAME = WeatherFlowApiSwift;
				SKIP_INSTALL = YES;
				SWIFT_OPTIMIZATION_LEVEL = "-Onone";
				SWIFT_SWIFT3_OBJC_INFERENCE = On;
				SWIFT_VERSION = 4.0;
				TARGETED_DEVICE_FAMILY = "1,2";
				VERSIONING_SYSTEM = "apple-generic";
				VERSION_INFO_PREFIX = "";
			};
			name = Debug;
		};
		647C0C121C2FF0F0002C5A42 /* Release */ = {
			isa = XCBuildConfiguration;
			buildSettings = {
				CLANG_ENABLE_MODULES = YES;
				"CODE_SIGN_IDENTITY[sdk=iphoneos*]" = "";
				CURRENT_PROJECT_VERSION = 1;
				DEFINES_MODULE = YES;
				DYLIB_COMPATIBILITY_VERSION = 1;
				DYLIB_CURRENT_VERSION = 1;
				DYLIB_INSTALL_NAME_BASE = "@rpath";
				INFOPLIST_FILE = "Sources/Info-iOS.plist";
				INSTALL_PATH = "$(LOCAL_LIBRARY_DIR)/Frameworks";
				IPHONEOS_DEPLOYMENT_TARGET = 8.0;
				LD_RUNPATH_SEARCH_PATHS = "$(inherited) @executable_path/Frameworks @loader_path/Frameworks";
				PRODUCT_BUNDLE_IDENTIFIER = "com.paz-labs.WeatherFlowApiSwift";
				PRODUCT_NAME = WeatherFlowApiSwift;
				SKIP_INSTALL = YES;
				SWIFT_SWIFT3_OBJC_INFERENCE = On;
				SWIFT_VERSION = 4.0;
				TARGETED_DEVICE_FAMILY = "1,2";
				VERSIONING_SYSTEM = "apple-generic";
				VERSION_INFO_PREFIX = "";
			};
			name = Release;
		};
		647C0C141C2FF0F0002C5A42 /* Debug */ = {
			isa = XCBuildConfiguration;
			buildSettings = {
				ALWAYS_EMBED_SWIFT_STANDARD_LIBRARIES = YES;
				DEVELOPMENT_TEAM = XZ582BS8LF;
				INFOPLIST_FILE = "Sources/Info-iOS.plist";
				LD_RUNPATH_SEARCH_PATHS = "$(inherited) @executable_path/Frameworks @loader_path/Frameworks";
				PRODUCT_BUNDLE_IDENTIFIER = "com.paz-labs.WeatherFlowApiSwiftTests";
				PRODUCT_NAME = "$(TARGET_NAME)";
				SWIFT_OPTIMIZATION_LEVEL = "-Onone";
			};
			name = Debug;
		};
		647C0C151C2FF0F0002C5A42 /* Release */ = {
			isa = XCBuildConfiguration;
			buildSettings = {
				ALWAYS_EMBED_SWIFT_STANDARD_LIBRARIES = YES;
				DEVELOPMENT_TEAM = XZ582BS8LF;
				INFOPLIST_FILE = "Sources/Info-iOS.plist";
				LD_RUNPATH_SEARCH_PATHS = "$(inherited) @executable_path/Frameworks @loader_path/Frameworks";
				PRODUCT_BUNDLE_IDENTIFIER = "com.paz-labs.WeatherFlowApiSwiftTests";
				PRODUCT_NAME = "$(TARGET_NAME)";
			};
			name = Release;
		};
/* End XCBuildConfiguration section */

/* Begin XCConfigurationList section */
		6412D02E1DA7857F00E861F5 /* Build configuration list for PBXNativeTarget "WeatherFlowApiSwift-OSX" */ = {
			isa = XCConfigurationList;
			buildConfigurations = (
				6412D02F1DA7857F00E861F5 /* Debug */,
				6412D0301DA7857F00E861F5 /* Release */,
			);
			defaultConfigurationIsVisible = 0;
			defaultConfigurationName = Release;
		};
		6412D0311DA7857F00E861F5 /* Build configuration list for PBXNativeTarget "WeatherFlowApiSwift-OSXTests" */ = {
			isa = XCConfigurationList;
			buildConfigurations = (
				6412D0321DA7857F00E861F5 /* Debug */,
				6412D0331DA7857F00E861F5 /* Release */,
			);
			defaultConfigurationIsVisible = 0;
			defaultConfigurationName = Release;
		};
		647C0B891C2D47A5002C5A42 /* Build configuration list for PBXProject "WeatherFlowApiSwift" */ = {
			isa = XCConfigurationList;
			buildConfigurations = (
				647C0B951C2D47A5002C5A42 /* Debug */,
				647C0B961C2D47A5002C5A42 /* Release */,
			);
			defaultConfigurationIsVisible = 0;
			defaultConfigurationName = Release;
		};
		647C0C101C2FF0F0002C5A42 /* Build configuration list for PBXNativeTarget "WeatherFlowApiSwift-iOS" */ = {
			isa = XCConfigurationList;
			buildConfigurations = (
				647C0C111C2FF0F0002C5A42 /* Debug */,
				647C0C121C2FF0F0002C5A42 /* Release */,
			);
			defaultConfigurationIsVisible = 0;
			defaultConfigurationName = Release;
		};
		647C0C131C2FF0F0002C5A42 /* Build configuration list for PBXNativeTarget "WeatherFlowApiSwiftTests" */ = {
			isa = XCConfigurationList;
			buildConfigurations = (
				647C0C141C2FF0F0002C5A42 /* Debug */,
				647C0C151C2FF0F0002C5A42 /* Release */,
			);
			defaultConfigurationIsVisible = 0;
			defaultConfigurationName = Release;
		};
/* End XCConfigurationList section */
	};
	rootObject = 647C0B861C2D47A5002C5A42 /* Project object */;
}
